// !$*UTF8*$!
{
	archiveVersion = 1;
	classes = {
	};
	objectVersion = 50;
	objects = {

/* Begin PBXBuildFile section */
		623957A626C7D00900497D33 /* Sudoku.swift in Sources */ = {isa = PBXBuildFile; fileRef = 623957A526C7D00900497D33 /* Sudoku.swift */; };
		623957A826C7D79600497D33 /* ExtractPuzzle.swift in Sources */ = {isa = PBXBuildFile; fileRef = 623957A726C7D79600497D33 /* ExtractPuzzle.swift */; };
		623957AA26C7D89000497D33 /* ResultViewController.swift in Sources */ = {isa = PBXBuildFile; fileRef = 623957A926C7D89000497D33 /* ResultViewController.swift */; };
		62A8AF4126EB75E1008DDAA9 /* MNISTClassifier.mlmodel in Sources */ = {isa = PBXBuildFile; fileRef = 62A8AF4026EB75E1008DDAA9 /* MNISTClassifier.mlmodel */; };
		62CD5E4B26C7807100D29BD3 /* AppDelegate.swift in Sources */ = {isa = PBXBuildFile; fileRef = 62CD5E4A26C7807100D29BD3 /* AppDelegate.swift */; };
		62CD5E4D26C7807100D29BD3 /* SceneDelegate.swift in Sources */ = {isa = PBXBuildFile; fileRef = 62CD5E4C26C7807100D29BD3 /* SceneDelegate.swift */; };
		62CD5E4F26C7807100D29BD3 /* ViewController.swift in Sources */ = {isa = PBXBuildFile; fileRef = 62CD5E4E26C7807100D29BD3 /* ViewController.swift */; };
		62CD5E5226C7807100D29BD3 /* Main.storyboard in Resources */ = {isa = PBXBuildFile; fileRef = 62CD5E5026C7807100D29BD3 /* Main.storyboard */; };
		62CD5E5526C7807100D29BD3 /* SudokuSolver.xcdatamodeld in Sources */ = {isa = PBXBuildFile; fileRef = 62CD5E5326C7807100D29BD3 /* SudokuSolver.xcdatamodeld */; };
		62CD5E5726C7807200D29BD3 /* Assets.xcassets in Resources */ = {isa = PBXBuildFile; fileRef = 62CD5E5626C7807200D29BD3 /* Assets.xcassets */; };
		62CD5E5A26C7807200D29BD3 /* LaunchScreen.storyboard in Resources */ = {isa = PBXBuildFile; fileRef = 62CD5E5826C7807200D29BD3 /* LaunchScreen.storyboard */; };
/* End PBXBuildFile section */

/* Begin PBXFileReference section */
		623957A526C7D00900497D33 /* Sudoku.swift */ = {isa = PBXFileReference; lastKnownFileType = sourcecode.swift; path = Sudoku.swift; sourceTree = "<group>"; };
		623957A726C7D79600497D33 /* ExtractPuzzle.swift */ = {isa = PBXFileReference; lastKnownFileType = sourcecode.swift; path = ExtractPuzzle.swift; sourceTree = "<group>"; };
		623957A926C7D89000497D33 /* ResultViewController.swift */ = {isa = PBXFileReference; lastKnownFileType = sourcecode.swift; path = ResultViewController.swift; sourceTree = "<group>"; };
		62A8AF4026EB75E1008DDAA9 /* MNISTClassifier.mlmodel */ = {isa = PBXFileReference; lastKnownFileType = file.mlmodel; path = MNISTClassifier.mlmodel; sourceTree = "<group>"; };
		62CD5E4726C7807100D29BD3 /* SudokuSolver.app */ = {isa = PBXFileReference; explicitFileType = wrapper.application; includeInIndex = 0; path = SudokuSolver.app; sourceTree = BUILT_PRODUCTS_DIR; };
		62CD5E4A26C7807100D29BD3 /* AppDelegate.swift */ = {isa = PBXFileReference; lastKnownFileType = sourcecode.swift; path = AppDelegate.swift; sourceTree = "<group>"; };
		62CD5E4C26C7807100D29BD3 /* SceneDelegate.swift */ = {isa = PBXFileReference; lastKnownFileType = sourcecode.swift; path = SceneDelegate.swift; sourceTree = "<group>"; };
		62CD5E4E26C7807100D29BD3 /* ViewController.swift */ = {isa = PBXFileReference; lastKnownFileType = sourcecode.swift; path = ViewController.swift; sourceTree = "<group>"; };
		62CD5E5126C7807100D29BD3 /* Base */ = {isa = PBXFileReference; lastKnownFileType = file.storyboard; name = Base; path = Base.lproj/Main.storyboard; sourceTree = "<group>"; };
		62CD5E5426C7807100D29BD3 /* SudokuSolver.xcdatamodel */ = {isa = PBXFileReference; lastKnownFileType = wrapper.xcdatamodel; path = SudokuSolver.xcdatamodel; sourceTree = "<group>"; };
		62CD5E5626C7807200D29BD3 /* Assets.xcassets */ = {isa = PBXFileReference; lastKnownFileType = folder.assetcatalog; path = Assets.xcassets; sourceTree = "<group>"; };
		62CD5E5926C7807200D29BD3 /* Base */ = {isa = PBXFileReference; lastKnownFileType = file.storyboard; name = Base; path = Base.lproj/LaunchScreen.storyboard; sourceTree = "<group>"; };
		62CD5E5B26C7807200D29BD3 /* Info.plist */ = {isa = PBXFileReference; lastKnownFileType = text.plist.xml; path = Info.plist; sourceTree = "<group>"; };
/* End PBXFileReference section */

/* Begin PBXFrameworksBuildPhase section */
		62CD5E4426C7807100D29BD3 /* Frameworks */ = {
			isa = PBXFrameworksBuildPhase;
			buildActionMask = 2147483647;
			files = (
			);
			runOnlyForDeploymentPostprocessing = 0;
		};
/* End PBXFrameworksBuildPhase section */

/* Begin PBXGroup section */
		623957A226C7CFB300497D33 /* View */ = {
			isa = PBXGroup;
			children = (
				62CD5E5626C7807200D29BD3 /* Assets.xcassets */,
				62CD5E5026C7807100D29BD3 /* Main.storyboard */,
				62CD5E5826C7807200D29BD3 /* LaunchScreen.storyboard */,
			);
			path = View;
			sourceTree = "<group>";
		};
		623957A326C7CFB900497D33 /* Model */ = {
			isa = PBXGroup;
			children = (
				62A8AF4026EB75E1008DDAA9 /* MNISTClassifier.mlmodel */,
				623957A526C7D00900497D33 /* Sudoku.swift */,
				623957A726C7D79600497D33 /* ExtractPuzzle.swift */,
			);
			path = Model;
			sourceTree = "<group>";
		};
		623957A426C7CFBF00497D33 /* Controller */ = {
			isa = PBXGroup;
			children = (
				62CD5E4E26C7807100D29BD3 /* ViewController.swift */,
				623957A926C7D89000497D33 /* ResultViewController.swift */,
			);
			path = Controller;
			sourceTree = "<group>";
		};
		62CD5E3E26C7807100D29BD3 = {
			isa = PBXGroup;
			children = (
				62CD5E4926C7807100D29BD3 /* SudokuSolver */,
				62CD5E4826C7807100D29BD3 /* Products */,
			);
			sourceTree = "<group>";
		};
		62CD5E4826C7807100D29BD3 /* Products */ = {
			isa = PBXGroup;
			children = (
				62CD5E4726C7807100D29BD3 /* SudokuSolver.app */,
			);
			name = Products;
			sourceTree = "<group>";
		};
		62CD5E4926C7807100D29BD3 /* SudokuSolver */ = {
			isa = PBXGroup;
			children = (
				623957A326C7CFB900497D33 /* Model */,
				623957A226C7CFB300497D33 /* View */,
				623957A426C7CFBF00497D33 /* Controller */,
				62CD5E4A26C7807100D29BD3 /* AppDelegate.swift */,
				62CD5E4C26C7807100D29BD3 /* SceneDelegate.swift */,
				62CD5E5B26C7807200D29BD3 /* Info.plist */,
				62CD5E5326C7807100D29BD3 /* SudokuSolver.xcdatamodeld */,
			);
			path = SudokuSolver;
			sourceTree = "<group>";
		};
/* End PBXGroup section */

/* Begin PBXNativeTarget section */
		62CD5E4626C7807100D29BD3 /* SudokuSolver */ = {
			isa = PBXNativeTarget;
			buildConfigurationList = 62CD5E5E26C7807200D29BD3 /* Build configuration list for PBXNativeTarget "SudokuSolver" */;
			buildPhases = (
				62CD5E4326C7807100D29BD3 /* Sources */,
				62CD5E4426C7807100D29BD3 /* Frameworks */,
				62CD5E4526C7807100D29BD3 /* Resources */,
			);
			buildRules = (
			);
			dependencies = (
			);
			name = SudokuSolver;
			productName = SudokuSolver;
			productReference = 62CD5E4726C7807100D29BD3 /* SudokuSolver.app */;
			productType = "com.apple.product-type.application";
		};
/* End PBXNativeTarget section */

/* Begin PBXProject section */
		62CD5E3F26C7807100D29BD3 /* Project object */ = {
			isa = PBXProject;
			attributes = {
				LastSwiftUpdateCheck = 1250;
				LastUpgradeCheck = 1250;
				TargetAttributes = {
					62CD5E4626C7807100D29BD3 = {
						CreatedOnToolsVersion = 12.5.1;
					};
				};
			};
			buildConfigurationList = 62CD5E4226C7807100D29BD3 /* Build configuration list for PBXProject "SudokuSolver" */;
			compatibilityVersion = "Xcode 9.3";
			developmentRegion = en;
			hasScannedForEncodings = 0;
			knownRegions = (
				en,
				Base,
			);
			mainGroup = 62CD5E3E26C7807100D29BD3;
			productRefGroup = 62CD5E4826C7807100D29BD3 /* Products */;
			projectDirPath = "";
			projectRoot = "";
			targets = (
				62CD5E4626C7807100D29BD3 /* SudokuSolver */,
			);
		};
/* End PBXProject section */

/* Begin PBXResourcesBuildPhase section */
		62CD5E4526C7807100D29BD3 /* Resources */ = {
			isa = PBXResourcesBuildPhase;
			buildActionMask = 2147483647;
			files = (
				62CD5E5A26C7807200D29BD3 /* LaunchScreen.storyboard in Resources */,
				62CD5E5726C7807200D29BD3 /* Assets.xcassets in Resources */,
				62CD5E5226C7807100D29BD3 /* Main.storyboard in Resources */,
			);
			runOnlyForDeploymentPostprocessing = 0;
		};
/* End PBXResourcesBuildPhase section */

/* Begin PBXSourcesBuildPhase section */
		62CD5E4326C7807100D29BD3 /* Sources */ = {
			isa = PBXSourcesBuildPhase;
			buildActionMask = 2147483647;
			files = (
				62CD5E4F26C7807100D29BD3 /* ViewController.swift in Sources */,
				623957A826C7D79600497D33 /* ExtractPuzzle.swift in Sources */,
				623957AA26C7D89000497D33 /* ResultViewController.swift in Sources */,
				62CD5E4B26C7807100D29BD3 /* AppDelegate.swift in Sources */,
				62CD5E4D26C7807100D29BD3 /* SceneDelegate.swift in Sources */,
				62CD5E5526C7807100D29BD3 /* SudokuSolver.xcdatamodeld in Sources */,
				623957A626C7D00900497D33 /* Sudoku.swift in Sources */,
				62A8AF4126EB75E1008DDAA9 /* MNISTClassifier.mlmodel in Sources */,
			);
			runOnlyForDeploymentPostprocessing = 0;
		};
/* End PBXSourcesBuildPhase section */

/* Begin PBXVariantGroup section */
		62CD5E5026C7807100D29BD3 /* Main.storyboard */ = {
			isa = PBXVariantGroup;
			children = (
				62CD5E5126C7807100D29BD3 /* Base */,
			);
			name = Main.storyboard;
			sourceTree = "<group>";
		};
		62CD5E5826C7807200D29BD3 /* LaunchScreen.storyboard */ = {
			isa = PBXVariantGroup;
			children = (
				62CD5E5926C7807200D29BD3 /* Base */,
			);
			name = LaunchScreen.storyboard;
			sourceTree = "<group>";
		};
/* End PBXVariantGroup section */

/* Begin XCBuildConfiguration section */
		62CD5E5C26C7807200D29BD3 /* Debug */ = {
			isa = XCBuildConfiguration;
			buildSettings = {
				ALWAYS_SEARCH_USER_PATHS = NO;
				CLANG_ANALYZER_NONNULL = YES;
				CLANG_ANALYZER_NUMBER_OBJECT_CONVERSION = YES_AGGRESSIVE;
				CLANG_CXX_LANGUAGE_STANDARD = "gnu++14";
				CLANG_CXX_LIBRARY = "libc++";
				CLANG_ENABLE_MODULES = YES;
				CLANG_ENABLE_OBJC_ARC = YES;
				CLANG_ENABLE_OBJC_WEAK = YES;
				CLANG_WARN_BLOCK_CAPTURE_AUTORELEASING = YES;
				CLANG_WARN_BOOL_CONVERSION = YES;
				CLANG_WARN_COMMA = YES;
				CLANG_WARN_CONSTANT_CONVERSION = YES;
				CLANG_WARN_DEPRECATED_OBJC_IMPLEMENTATIONS = YES;
				CLANG_WARN_DIRECT_OBJC_ISA_USAGE = YES_ERROR;
				CLANG_WARN_DOCUMENTATION_COMMENTS = YES;
				CLANG_WARN_EMPTY_BODY = YES;
				CLANG_WARN_ENUM_CONVERSION = YES;
				CLANG_WARN_INFINITE_RECURSION = YES;
				CLANG_WARN_INT_CONVERSION = YES;
				CLANG_WARN_NON_LITERAL_NULL_CONVERSION = YES;
				CLANG_WARN_OBJC_IMPLICIT_RETAIN_SELF = YES;
				CLANG_WARN_OBJC_LITERAL_CONVERSION = YES;
				CLANG_WARN_OBJC_ROOT_CLASS = YES_ERROR;
				CLANG_WARN_QUOTED_INCLUDE_IN_FRAMEWORK_HEADER = YES;
				CLANG_WARN_RANGE_LOOP_ANALYSIS = YES;
				CLANG_WARN_STRICT_PROTOTYPES = YES;
				CLANG_WARN_SUSPICIOUS_MOVE = YES;
				CLANG_WARN_UNGUARDED_AVAILABILITY = YES_AGGRESSIVE;
				CLANG_WARN_UNREACHABLE_CODE = YES;
				CLANG_WARN__DUPLICATE_METHOD_MATCH = YES;
				COPY_PHASE_STRIP = NO;
				DEBUG_INFORMATION_FORMAT = dwarf;
				ENABLE_STRICT_OBJC_MSGSEND = YES;
				ENABLE_TESTABILITY = YES;
				GCC_C_LANGUAGE_STANDARD = gnu11;
				GCC_DYNAMIC_NO_PIC = NO;
				GCC_NO_COMMON_BLOCKS = YES;
				GCC_OPTIMIZATION_LEVEL = 0;
				GCC_PREPROCESSOR_DEFINITIONS = (
					"DEBUG=1",
					"$(inherited)",
				);
				GCC_WARN_64_TO_32_BIT_CONVERSION = YES;
				GCC_WARN_ABOUT_RETURN_TYPE = YES_ERROR;
				GCC_WARN_UNDECLARED_SELECTOR = YES;
				GCC_WARN_UNINITIALIZED_AUTOS = YES_AGGRESSIVE;
				GCC_WARN_UNUSED_FUNCTION = YES;
				GCC_WARN_UNUSED_VARIABLE = YES;
				IPHONEOS_DEPLOYMENT_TARGET = 14.5;
				MTL_ENABLE_DEBUG_INFO = INCLUDE_SOURCE;
				MTL_FAST_MATH = YES;
				ONLY_ACTIVE_ARCH = YES;
				SDKROOT = iphoneos;
				SWIFT_ACTIVE_COMPILATION_CONDITIONS = DEBUG;
				SWIFT_OPTIMIZATION_LEVEL = "-Onone";
			};
			name = Debug;
		};
		62CD5E5D26C7807200D29BD3 /* Release */ = {
			isa = XCBuildConfiguration;
			buildSettings = {
				ALWAYS_SEARCH_USER_PATHS = NO;
				CLANG_ANALYZER_NONNULL = YES;
				CLANG_ANALYZER_NUMBER_OBJECT_CONVERSION = YES_AGGRESSIVE;
				CLANG_CXX_LANGUAGE_STANDARD = "gnu++14";
				CLANG_CXX_LIBRARY = "libc++";
				CLANG_ENABLE_MODULES = YES;
				CLANG_ENABLE_OBJC_ARC = YES;
				CLANG_ENABLE_OBJC_WEAK = YES;
				CLANG_WARN_BLOCK_CAPTURE_AUTORELEASING = YES;
				CLANG_WARN_BOOL_CONVERSION = YES;
				CLANG_WARN_COMMA = YES;
				CLANG_WARN_CONSTANT_CONVERSION = YES;
				CLANG_WARN_DEPRECATED_OBJC_IMPLEMENTATIONS = YES;
				CLANG_WARN_DIRECT_OBJC_ISA_USAGE = YES_ERROR;
				CLANG_WARN_DOCUMENTATION_COMMENTS = YES;
				CLANG_WARN_EMPTY_BODY = YES;
				CLANG_WARN_ENUM_CONVERSION = YES;
				CLANG_WARN_INFINITE_RECURSION = YES;
				CLANG_WARN_INT_CONVERSION = YES;
				CLANG_WARN_NON_LITERAL_NULL_CONVERSION = YES;
				CLANG_WARN_OBJC_IMPLICIT_RETAIN_SELF = YES;
				CLANG_WARN_OBJC_LITERAL_CONVERSION = YES;
				CLANG_WARN_OBJC_ROOT_CLASS = YES_ERROR;
				CLANG_WARN_QUOTED_INCLUDE_IN_FRAMEWORK_HEADER = YES;
				CLANG_WARN_RANGE_LOOP_ANALYSIS = YES;
				CLANG_WARN_STRICT_PROTOTYPES = YES;
				CLANG_WARN_SUSPICIOUS_MOVE = YES;
				CLANG_WARN_UNGUARDED_AVAILABILITY = YES_AGGRESSIVE;
				CLANG_WARN_UNREACHABLE_CODE = YES;
				CLANG_WARN__DUPLICATE_METHOD_MATCH = YES;
				COPY_PHASE_STRIP = NO;
				DEBUG_INFORMATION_FORMAT = "dwarf-with-dsym";
				ENABLE_NS_ASSERTIONS = NO;
				ENABLE_STRICT_OBJC_MSGSEND = YES;
				GCC_C_LANGUAGE_STANDARD = gnu11;
				GCC_NO_COMMON_BLOCKS = YES;
				GCC_WARN_64_TO_32_BIT_CONVERSION = YES;
				GCC_WARN_ABOUT_RETURN_TYPE = YES_ERROR;
				GCC_WARN_UNDECLARED_SELECTOR = YES;
				GCC_WARN_UNINITIALIZED_AUTOS = YES_AGGRESSIVE;
				GCC_WARN_UNUSED_FUNCTION = YES;
				GCC_WARN_UNUSED_VARIABLE = YES;
				IPHONEOS_DEPLOYMENT_TARGET = 14.5;
				MTL_ENABLE_DEBUG_INFO = NO;
				MTL_FAST_MATH = YES;
				SDKROOT = iphoneos;
				SWIFT_COMPILATION_MODE = wholemodule;
				SWIFT_OPTIMIZATION_LEVEL = "-O";
				VALIDATE_PRODUCT = YES;
			};
			name = Release;
		};
		62CD5E5F26C7807200D29BD3 /* Debug */ = {
			isa = XCBuildConfiguration;
			buildSettings = {
				ASSETCATALOG_COMPILER_APPICON_NAME = AppIcon;
				ASSETCATALOG_COMPILER_GLOBAL_ACCENT_COLOR_NAME = AccentColor;
				CODE_SIGN_STYLE = Automatic;
				DEVELOPMENT_TEAM = 3NJG9U65QY;
				INFOPLIST_FILE = SudokuSolver/Info.plist;
				LD_RUNPATH_SEARCH_PATHS = (
					"$(inherited)",
					"@executable_path/Frameworks",
				);
				PRODUCT_BUNDLE_IDENTIFIER = com.YagaaGowtham.SudokuSolver;
				PRODUCT_NAME = "$(TARGET_NAME)";
				SWIFT_VERSION = 5.0;
				TARGETED_DEVICE_FAMILY = "1,2";
			};
			name = Debug;
		};
		62CD5E6026C7807200D29BD3 /* Release */ = {
			isa = XCBuildConfiguration;
			buildSettings = {
				ASSETCATALOG_COMPILER_APPICON_NAME = AppIcon;
				ASSETCATALOG_COMPILER_GLOBAL_ACCENT_COLOR_NAME = AccentColor;
				CODE_SIGN_STYLE = Automatic;
				DEVELOPMENT_TEAM = 3NJG9U65QY;
				INFOPLIST_FILE = SudokuSolver/Info.plist;
				LD_RUNPATH_SEARCH_PATHS = (
					"$(inherited)",
					"@executable_path/Frameworks",
				);
				PRODUCT_BUNDLE_IDENTIFIER = com.YagaaGowtham.SudokuSolver;
				PRODUCT_NAME = "$(TARGET_NAME)";
				SWIFT_VERSION = 5.0;
				TARGETED_DEVICE_FAMILY = "1,2";
			};
			name = Release;
		};
/* End XCBuildConfiguration section */

/* Begin XCConfigurationList section */
		62CD5E4226C7807100D29BD3 /* Build configuration list for PBXProject "SudokuSolver" */ = {
			isa = XCConfigurationList;
			buildConfigurations = (
				62CD5E5C26C7807200D29BD3 /* Debug */,
				62CD5E5D26C7807200D29BD3 /* Release */,
			);
			defaultConfigurationIsVisible = 0;
			defaultConfigurationName = Release;
		};
		62CD5E5E26C7807200D29BD3 /* Build configuration list for PBXNativeTarget "SudokuSolver" */ = {
			isa = XCConfigurationList;
			buildConfigurations = (
				62CD5E5F26C7807200D29BD3 /* Debug */,
				62CD5E6026C7807200D29BD3 /* Release */,
			);
			defaultConfigurationIsVisible = 0;
			defaultConfigurationName = Release;
		};
/* End XCConfigurationList section */

/* Begin XCVersionGroup section */
		62CD5E5326C7807100D29BD3 /* SudokuSolver.xcdatamodeld */ = {
			isa = XCVersionGroup;
			children = (
				62CD5E5426C7807100D29BD3 /* SudokuSolver.xcdatamodel */,
			);
			currentVersion = 62CD5E5426C7807100D29BD3 /* SudokuSolver.xcdatamodel */;
			path = SudokuSolver.xcdatamodeld;
			sourceTree = "<group>";
			versionGroupType = wrapper.xcdatamodel;
		};
/* End XCVersionGroup section */
	};
	rootObject = 62CD5E3F26C7807100D29BD3 /* Project object */;
}
